
Microsoft Visual Studio Solution File, Format Version 12.00
# Visual Studio Version 17
VisualStudioVersion = 17.10.35013.160
MinimumVisualStudioVersion = 10.0.40219.1
Project("{FAE04EC0-301F-11D3-BF4B-00C04F79EFBC}") = "PortfolioProjectNight", "PortfolioProjectNight\PortfolioProjectNight.csproj", "{BB2F2634-8AA6-44C9-9F4A-8E37BF97B49C}"
EndProject
Global
	GlobalSection(SolutionConfigurationPlatforms) = preSolution
		Debug|Any CPU = Debug|Any CPU
		Release|Any CPU = Release|Any CPU
	EndGlobalSection
	GlobalSection(ProjectConfigurationPlatforms) = postSolution
		{BB2F2634-8AA6-44C9-9F4A-8E37BF97B49C}.Debug|Any CPU.ActiveCfg = Debug|Any CPU
		{BB2F2634-8AA6-44C9-9F4A-8E37BF97B49C}.Debug|Any CPU.Build.0 = Debug|Any CPU
		{BB2F2634-8AA6-44C9-9F4A-8E37BF97B49C}.Release|Any CPU.ActiveCfg = Release|Any CPU
		{BB2F2634-8AA6-44C9-9F4A-8E37BF97B49C}.Release|Any CPU.Build.0 = Release|Any CPU
	EndGlobalSection
	GlobalSection(SolutionProperties) = preSolution
		HideSolutionNode = FALSE
	EndGlobalSection
	GlobalSection(ExtensibilityGlobals) = postSolution
		SolutionGuid = {805A1D5C-3B62-4890-BAA3-F6457BCB9B61}
	EndGlobalSection
EndGlobal
